<?xml version="1.0" encoding="utf-8"?>
<Project ToolsVersion="4.0" xmlns="http://schemas.microsoft.com/developer/msbuild/2003">
  <ItemGroup>
    <Filter Include="include">
      <UniqueIdentifier>{f70a87b3-f953-4dd1-a5dd-7664a5888cbb}</UniqueIdentifier>
    </Filter>
    <Filter Include="source">
      <UniqueIdentifier>{734dddb9-38bd-421e-94b6-d7cf34cf768e}</UniqueIdentifier>
    </Filter>
  </ItemGroup>
  <ItemGroup>
    <ClInclude Include="..\Vehicle_data.h">
      <Filter>include</Filter>
    </ClInclude>
    <ClInclude Include="..\Vehicle_Data_Subset.h">
      <Filter>include</Filter>
    </ClInclude>
  </ItemGroup>
  <ItemGroup>
    <ClCompile Include="..\DriverModel_SAE.cpp">
      <Filter>source</Filter>
    </ClCompile>
    <ClCompile Include="..\Vehicle_Calulations.cpp">
      <Filter>source</Filter>
    </ClCompile>
    <ClCompile Include="..\Vehicle_data.cpp">
      <Filter>source</Filter>
    </ClCompile>
  </ItemGroup>
</Project>