
Microsoft Visual Studio Solution File, Format Version 12.00
# Visual Studio 15
VisualStudioVersion = 15.0.26430.16
MinimumVisualStudioVersion = 10.0.40219.1
Project("{8BC9CEB8-8B4A-11D0-8D11-00A0C91BC942}") = "SAE_0_car", "SAE_0_car\SAE_0_car.vcxproj", "{205C9F6D-D77E-49A6-B0EA-0B611C1152E5}"
EndProject
Project("{8BC9CEB8-8B4A-11D0-8D11-00A0C91BC942}") = "SAE_1_car", "SAE_1_car\SAE_1_car.vcxproj", "{D082CBD2-05A8-4E65-A331-142F40B79534}"
EndProject
Project("{8BC9CEB8-8B4A-11D0-8D11-00A0C91BC942}") = "SAE_3_car", "SAE_3_car\SAE_3_car.vcxproj", "{64292B8D-768C-45D9-A6D6-114F9F94E8B8}"
EndProject
Project("{8BC9CEB8-8B4A-11D0-8D11-00A0C91BC942}") = "SAE_2_car", "SAE_2_car\SAE_2_car.vcxproj", "{C22A0BF4-1D88-480D-8267-7BC8DA1273C3}"
EndProject
Project("{8BC9CEB8-8B4A-11D0-8D11-00A0C91BC942}") = "SAE_0_truck", "SAE_0_truck\SAE_0_truck.vcxproj", "{723147B4-FEBA-4DB9-9663-DEB8D7688CD2}"
EndProject
Project("{8BC9CEB8-8B4A-11D0-8D11-00A0C91BC942}") = "SAE_1_truck", "SAE_1_truck\SAE_1_truck.vcxproj", "{46B08360-6D7E-4A21-8153-F9BE5CFC2D03}"
EndProject
Project("{8BC9CEB8-8B4A-11D0-8D11-00A0C91BC942}") = "SAE_2_truck", "SAE_2_truck\SAE_2_truck.vcxproj", "{B2245078-5EB9-4820-888D-147D19338D84}"
EndProject
Project("{8BC9CEB8-8B4A-11D0-8D11-00A0C91BC942}") = "SAE_3_truck", "SAE_3_truck\SAE_3_truck.vcxproj", "{D4F14310-3B60-4B68-9EA4-7D93301A6AF2}"
EndProject
Project("{8BC9CEB8-8B4A-11D0-8D11-00A0C91BC942}") = "SAE_4_car", "SAE_4_Car\SAE_4_Car.vcxproj", "{074F35EE-6C89-4EC4-A02B-10A845E1E6EB}"
EndProject
Project("{8BC9CEB8-8B4A-11D0-8D11-00A0C91BC942}") = "SAE_5_car", "SAE_5_car\SAE_5_car.vcxproj", "{359B087E-82E7-4A18-9368-087A3F348020}"
EndProject
Global
	GlobalSection(SolutionConfigurationPlatforms) = preSolution
		Debug|x64 = Debug|x64
		Debug|x86 = Debug|x86
		Release|x64 = Release|x64
		Release|x86 = Release|x86
	EndGlobalSection
	GlobalSection(ProjectConfigurationPlatforms) = postSolution
		{205C9F6D-D77E-49A6-B0EA-0B611C1152E5}.Debug|x64.ActiveCfg = Debug|x64
		{205C9F6D-D77E-49A6-B0EA-0B611C1152E5}.Debug|x64.Build.0 = Debug|x64
		{205C9F6D-D77E-49A6-B0EA-0B611C1152E5}.Debug|x86.ActiveCfg = Debug|Win32
		{205C9F6D-D77E-49A6-B0EA-0B611C1152E5}.Debug|x86.Build.0 = Debug|Win32
		{205C9F6D-D77E-49A6-B0EA-0B611C1152E5}.Release|x64.ActiveCfg = Release|x64
		{205C9F6D-D77E-49A6-B0EA-0B611C1152E5}.Release|x64.Build.0 = Release|x64
		{205C9F6D-D77E-49A6-B0EA-0B611C1152E5}.Release|x86.ActiveCfg = Release|Win32
		{205C9F6D-D77E-49A6-B0EA-0B611C1152E5}.Release|x86.Build.0 = Release|Win32
		{D082CBD2-05A8-4E65-A331-142F40B79534}.Debug|x64.ActiveCfg = Debug|x64
		{D082CBD2-05A8-4E65-A331-142F40B79534}.Debug|x64.Build.0 = Debug|x64
		{D082CBD2-05A8-4E65-A331-142F40B79534}.Debug|x86.ActiveCfg = Debug|Win32
		{D082CBD2-05A8-4E65-A331-142F40B79534}.Debug|x86.Build.0 = Debug|Win32
		{D082CBD2-05A8-4E65-A331-142F40B79534}.Release|x64.ActiveCfg = Release|x64
		{D082CBD2-05A8-4E65-A331-142F40B79534}.Release|x64.Build.0 = Release|x64
		{D082CBD2-05A8-4E65-A331-142F40B79534}.Release|x86.ActiveCfg = Release|Win32
		{D082CBD2-05A8-4E65-A331-142F40B79534}.Release|x86.Build.0 = Release|Win32
		{64292B8D-768C-45D9-A6D6-114F9F94E8B8}.Debug|x64.ActiveCfg = Debug|x64
		{64292B8D-768C-45D9-A6D6-114F9F94E8B8}.Debug|x64.Build.0 = Debug|x64
		{64292B8D-768C-45D9-A6D6-114F9F94E8B8}.Debug|x86.ActiveCfg = Debug|Win32
		{64292B8D-768C-45D9-A6D6-114F9F94E8B8}.Debug|x86.Build.0 = Debug|Win32
		{64292B8D-768C-45D9-A6D6-114F9F94E8B8}.Release|x64.ActiveCfg = Release|x64
		{64292B8D-768C-45D9-A6D6-114F9F94E8B8}.Release|x64.Build.0 = Release|x64
		{64292B8D-768C-45D9-A6D6-114F9F94E8B8}.Release|x86.ActiveCfg = Release|Win32
		{64292B8D-768C-45D9-A6D6-114F9F94E8B8}.Release|x86.Build.0 = Release|Win32
		{C22A0BF4-1D88-480D-8267-7BC8DA1273C3}.Debug|x64.ActiveCfg = Debug|x64
		{C22A0BF4-1D88-480D-8267-7BC8DA1273C3}.Debug|x64.Build.0 = Debug|x64
		{C22A0BF4-1D88-480D-8267-7BC8DA1273C3}.Debug|x86.ActiveCfg = Debug|Win32
		{C22A0BF4-1D88-480D-8267-7BC8DA1273C3}.Debug|x86.Build.0 = Debug|Win32
		{C22A0BF4-1D88-480D-8267-7BC8DA1273C3}.Release|x64.ActiveCfg = Release|x64
		{C22A0BF4-1D88-480D-8267-7BC8DA1273C3}.Release|x64.Build.0 = Release|x64
		{C22A0BF4-1D88-480D-8267-7BC8DA1273C3}.Release|x86.ActiveCfg = Release|Win32
		{C22A0BF4-1D88-480D-8267-7BC8DA1273C3}.Release|x86.Build.0 = Release|Win32
		{723147B4-FEBA-4DB9-9663-DEB8D7688CD2}.Debug|x64.ActiveCfg = Debug|x64
		{723147B4-FEBA-4DB9-9663-DEB8D7688CD2}.Debug|x64.Build.0 = Debug|x64
		{723147B4-FEBA-4DB9-9663-DEB8D7688CD2}.Debug|x86.ActiveCfg = Debug|Win32
		{723147B4-FEBA-4DB9-9663-DEB8D7688CD2}.Debug|x86.Build.0 = Debug|Win32
		{723147B4-FEBA-4DB9-9663-DEB8D7688CD2}.Release|x64.ActiveCfg = Release|x64
		{723147B4-FEBA-4DB9-9663-DEB8D7688CD2}.Release|x64.Build.0 = Release|x64
		{723147B4-FEBA-4DB9-9663-DEB8D7688CD2}.Release|x86.ActiveCfg = Release|Win32
		{723147B4-FEBA-4DB9-9663-DEB8D7688CD2}.Release|x86.Build.0 = Release|Win32
		{46B08360-6D7E-4A21-8153-F9BE5CFC2D03}.Debug|x64.ActiveCfg = Debug|x64
		{46B08360-6D7E-4A21-8153-F9BE5CFC2D03}.Debug|x64.Build.0 = Debug|x64
		{46B08360-6D7E-4A21-8153-F9BE5CFC2D03}.Debug|x86.ActiveCfg = Debug|Win32
		{46B08360-6D7E-4A21-8153-F9BE5CFC2D03}.Debug|x86.Build.0 = Debug|Win32
		{46B08360-6D7E-4A21-8153-F9BE5CFC2D03}.Release|x64.ActiveCfg = Release|x64
		{46B08360-6D7E-4A21-8153-F9BE5CFC2D03}.Release|x64.Build.0 = Release|x64
		{46B08360-6D7E-4A21-8153-F9BE5CFC2D03}.Release|x86.ActiveCfg = Release|Win32
		{46B08360-6D7E-4A21-8153-F9BE5CFC2D03}.Release|x86.Build.0 = Release|Win32
		{B2245078-5EB9-4820-888D-147D19338D84}.Debug|x64.ActiveCfg = Debug|x64
		{B2245078-5EB9-4820-888D-147D19338D84}.Debug|x64.Build.0 = Debug|x64
		{B2245078-5EB9-4820-888D-147D19338D84}.Debug|x86.ActiveCfg = Debug|Win32
		{B2245078-5EB9-4820-888D-147D19338D84}.Debug|x86.Build.0 = Debug|Win32
		{B2245078-5EB9-4820-888D-147D19338D84}.Release|x64.ActiveCfg = Release|x64
		{B2245078-5EB9-4820-888D-147D19338D84}.Release|x64.Build.0 = Release|x64
		{B2245078-5EB9-4820-888D-147D19338D84}.Release|x86.ActiveCfg = Release|Win32
		{B2245078-5EB9-4820-888D-147D19338D84}.Release|x86.Build.0 = Release|Win32
		{D4F14310-3B60-4B68-9EA4-7D93301A6AF2}.Debug|x64.ActiveCfg = Debug|x64
		{D4F14310-3B60-4B68-9EA4-7D93301A6AF2}.Debug|x64.Build.0 = Debug|x64
		{D4F14310-3B60-4B68-9EA4-7D93301A6AF2}.Debug|x86.ActiveCfg = Debug|Win32
		{D4F14310-3B60-4B68-9EA4-7D93301A6AF2}.Debug|x86.Build.0 = Debug|Win32
		{D4F14310-3B60-4B68-9EA4-7D93301A6AF2}.Release|x64.ActiveCfg = Release|x64
		{D4F14310-3B60-4B68-9EA4-7D93301A6AF2}.Release|x64.Build.0 = Release|x64
		{D4F14310-3B60-4B68-9EA4-7D93301A6AF2}.Release|x86.ActiveCfg = Release|Win32
		{D4F14310-3B60-4B68-9EA4-7D93301A6AF2}.Release|x86.Build.0 = Release|Win32
		{074F35EE-6C89-4EC4-A02B-10A845E1E6EB}.Debug|x64.ActiveCfg = Debug|x64
		{074F35EE-6C89-4EC4-A02B-10A845E1E6EB}.Debug|x64.Build.0 = Debug|x64
		{074F35EE-6C89-4EC4-A02B-10A845E1E6EB}.Debug|x86.ActiveCfg = Debug|Win32
		{074F35EE-6C89-4EC4-A02B-10A845E1E6EB}.Debug|x86.Build.0 = Debug|Win32
		{074F35EE-6C89-4EC4-A02B-10A845E1E6EB}.Release|x64.ActiveCfg = Release|x64
		{074F35EE-6C89-4EC4-A02B-10A845E1E6EB}.Release|x64.Build.0 = Release|x64
		{074F35EE-6C89-4EC4-A02B-10A845E1E6EB}.Release|x86.ActiveCfg = Release|Win32
		{074F35EE-6C89-4EC4-A02B-10A845E1E6EB}.Release|x86.Build.0 = Release|Win32
		{359B087E-82E7-4A18-9368-087A3F348020}.Debug|x64.ActiveCfg = Debug|x64
		{359B087E-82E7-4A18-9368-087A3F348020}.Debug|x64.Build.0 = Debug|x64
		{359B087E-82E7-4A18-9368-087A3F348020}.Debug|x86.ActiveCfg = Debug|Win32
		{359B087E-82E7-4A18-9368-087A3F348020}.Debug|x86.Build.0 = Debug|Win32
		{359B087E-82E7-4A18-9368-087A3F348020}.Release|x64.ActiveCfg = Release|x64
		{359B087E-82E7-4A18-9368-087A3F348020}.Release|x64.Build.0 = Release|x64
		{359B087E-82E7-4A18-9368-087A3F348020}.Release|x86.ActiveCfg = Release|Win32
		{359B087E-82E7-4A18-9368-087A3F348020}.Release|x86.Build.0 = Release|Win32
	EndGlobalSection
	GlobalSection(SolutionProperties) = preSolution
		HideSolutionNode = FALSE
	EndGlobalSection
EndGlobal
